
Microsoft Visual Studio Solution File, Format Version 12.00
# Visual Studio 14
VisualStudioVersion = 14.0.25420.1
MinimumVisualStudioVersion = 10.0.40219.1
Project("{2150E333-8FDC-42A3-9474-1A3956D46DE8}") = "src", "src", "{343B7BB8-4942-4F8D-BAE2-F93CA1F50E9D}"
EndProject
Project("{2150E333-8FDC-42A3-9474-1A3956D46DE8}") = "Solution Items", "Solution Items", "{5B2228E5-365F-4E45-9061-6C16ECCC3000}"
	ProjectSection(SolutionItems) = preProject
		global.json = global.json
	EndProjectSection
EndProject
Project("{8BB2217D-0F2D-49D1-97BC-3654ED321F3B}") = "TestWebSite", "src\TestWebSite\TestWebSite.xproj", "{DA3682EE-8F7F-45C5-9DCE-51E97113B521}"
EndProject
Global
	GlobalSection(SolutionConfigurationPlatforms) = preSolution
		Debug|Any CPU = Debug|Any CPU
		Release|Any CPU = Release|Any CPU
	EndGlobalSection
	GlobalSection(ProjectConfigurationPlatforms) = postSolution
		{DA3682EE-8F7F-45C5-9DCE-51E97113B521}.Debug|Any CPU.ActiveCfg = Debug|Any CPU
		{DA3682EE-8F7F-45C5-9DCE-51E97113B521}.Debug|Any CPU.Build.0 = Debug|Any CPU
		{DA3682EE-8F7F-45C5-9DCE-51E97113B521}.Release|Any CPU.ActiveCfg = Release|Any CPU
		{DA3682EE-8F7F-45C5-9DCE-51E97113B521}.Release|Any CPU.Build.0 = Release|Any CPU
	EndGlobalSection
	GlobalSection(SolutionProperties) = preSolution
		HideSolutionNode = FALSE
	EndGlobalSection
	GlobalSection(NestedProjects) = preSolution
		{DA3682EE-8F7F-45C5-9DCE-51E97113B521} = {343B7BB8-4942-4F8D-BAE2-F93CA1F50E9D}
	EndGlobalSection
EndGlobal
